
Microsoft Visual Studio Solution File, Format Version 12.00
# Visual Studio Version 17
VisualStudioVersion = 17.10.34928.147
MinimumVisualStudioVersion = 10.0.40219.1
Project("{FAE04EC0-301F-11D3-BF4B-00C04F79EFBC}") = "radyo", "radyo.csproj", "{104AE44F-012A-4D7E-9B67-A966998FC448}"
EndProject
Global
	GlobalSection(SolutionConfigurationPlatforms) = preSolution
		Debug|Any CPU = Debug|Any CPU
		Release|Any CPU = Release|Any CPU
	EndGlobalSection
	GlobalSection(ProjectConfigurationPlatforms) = postSolution
		{104AE44F-012A-4D7E-9B67-A966998FC448}.Debug|Any CPU.ActiveCfg = Debug|Any CPU
		{104AE44F-012A-4D7E-9B67-A966998FC448}.Debug|Any CPU.Build.0 = Debug|Any CPU
		{104AE44F-012A-4D7E-9B67-A966998FC448}.Release|Any CPU.ActiveCfg = Release|Any CPU
		{104AE44F-012A-4D7E-9B67-A966998FC448}.Release|Any CPU.Build.0 = Release|Any CPU
	EndGlobalSection
	GlobalSection(SolutionProperties) = preSolution
		HideSolutionNode = FALSE
	EndGlobalSection
	GlobalSection(ExtensibilityGlobals) = postSolution
		SolutionGuid = {2E64A994-25BF-4C89-AEB7-A5A58CB692D0}
	EndGlobalSection
EndGlobal
